
Microsoft Visual Studio Solution File, Format Version 12.00
# Visual Studio Version 17
VisualStudioVersion = 17.1.32210.238
MinimumVisualStudioVersion = 10.0.40219.1
Project("{9A19103F-16F7-4668-BE54-9A1E7A4F7556}") = "PlatformService", "PlatformService.csproj", "{5430BFF3-3722-45B8-90A8-A847022FF3A3}"
EndProject
Global
	GlobalSection(SolutionConfigurationPlatforms) = preSolution
		Debug|Any CPU = Debug|Any CPU
		Release|Any CPU = Release|Any CPU
	EndGlobalSection
	GlobalSection(ProjectConfigurationPlatforms) = postSolution
		{5430BFF3-3722-45B8-90A8-A847022FF3A3}.Debug|Any CPU.ActiveCfg = Debug|Any CPU
		{5430BFF3-3722-45B8-90A8-A847022FF3A3}.Debug|Any CPU.Build.0 = Debug|Any CPU
		{5430BFF3-3722-45B8-90A8-A847022FF3A3}.Release|Any CPU.ActiveCfg = Release|Any CPU
		{5430BFF3-3722-45B8-90A8-A847022FF3A3}.Release|Any CPU.Build.0 = Release|Any CPU
	EndGlobalSection
	GlobalSection(SolutionProperties) = preSolution
		HideSolutionNode = FALSE
	EndGlobalSection
	GlobalSection(ExtensibilityGlobals) = postSolution
		SolutionGuid = {8FD1E5E1-5B7E-494A-BD9D-65019885F05B}
	EndGlobalSection
EndGlobal
